
Microsoft Visual Studio Solution File, Format Version 12.00
# Visual Studio Version 17
VisualStudioVersion = 17.0.31903.59
MinimumVisualStudioVersion = 10.0.40219.1
Project("{FAE04EC0-301F-11D3-BF4B-00C04F79EFBC}") = "MyMath", "MyMath\MyMath.csproj", "{125D0B3C-5578-46A3-B928-01D122944D45}"
EndProject
Project("{FAE04EC0-301F-11D3-BF4B-00C04F79EFBC}") = "MyMath.Tests", "MyMath.Tests\MyMath.Tests.csproj", "{EF53A077-D531-4F1B-947A-AFA23B1F9383}"
EndProject
Global
	GlobalSection(SolutionConfigurationPlatforms) = preSolution
		Debug|Any CPU = Debug|Any CPU
		Release|Any CPU = Release|Any CPU
	EndGlobalSection
	GlobalSection(SolutionProperties) = preSolution
		HideSolutionNode = FALSE
	EndGlobalSection
	GlobalSection(ProjectConfigurationPlatforms) = postSolution
		{125D0B3C-5578-46A3-B928-01D122944D45}.Debug|Any CPU.ActiveCfg = Debug|Any CPU
		{125D0B3C-5578-46A3-B928-01D122944D45}.Debug|Any CPU.Build.0 = Debug|Any CPU
		{125D0B3C-5578-46A3-B928-01D122944D45}.Release|Any CPU.ActiveCfg = Release|Any CPU
		{125D0B3C-5578-46A3-B928-01D122944D45}.Release|Any CPU.Build.0 = Release|Any CPU
		{EF53A077-D531-4F1B-947A-AFA23B1F9383}.Debug|Any CPU.ActiveCfg = Debug|Any CPU
		{EF53A077-D531-4F1B-947A-AFA23B1F9383}.Debug|Any CPU.Build.0 = Debug|Any CPU
		{EF53A077-D531-4F1B-947A-AFA23B1F9383}.Release|Any CPU.ActiveCfg = Release|Any CPU
		{EF53A077-D531-4F1B-947A-AFA23B1F9383}.Release|Any CPU.Build.0 = Release|Any CPU
	EndGlobalSection
EndGlobal
