
Microsoft Visual Studio Solution File, Format Version 12.00
# Visual Studio Version 17
VisualStudioVersion = 17.0.31903.59
MinimumVisualStudioVersion = 10.0.40219.1
Project("{FAE04EC0-301F-11D3-BF4B-00C04F79EFBC}") = "Text", "Text\Text.csproj", "{8B92D598-780B-41BF-9B55-943084669C5E}"
EndProject
Project("{FAE04EC0-301F-11D3-BF4B-00C04F79EFBC}") = "Text.Tests", "Text.Tests\Text.Tests.csproj", "{07AA4844-FF99-47A4-A461-EBCCC3DC86DF}"
EndProject
Global
	GlobalSection(SolutionConfigurationPlatforms) = preSolution
		Debug|Any CPU = Debug|Any CPU
		Release|Any CPU = Release|Any CPU
	EndGlobalSection
	GlobalSection(SolutionProperties) = preSolution
		HideSolutionNode = FALSE
	EndGlobalSection
	GlobalSection(ProjectConfigurationPlatforms) = postSolution
		{8B92D598-780B-41BF-9B55-943084669C5E}.Debug|Any CPU.ActiveCfg = Debug|Any CPU
		{8B92D598-780B-41BF-9B55-943084669C5E}.Debug|Any CPU.Build.0 = Debug|Any CPU
		{8B92D598-780B-41BF-9B55-943084669C5E}.Release|Any CPU.ActiveCfg = Release|Any CPU
		{8B92D598-780B-41BF-9B55-943084669C5E}.Release|Any CPU.Build.0 = Release|Any CPU
		{07AA4844-FF99-47A4-A461-EBCCC3DC86DF}.Debug|Any CPU.ActiveCfg = Debug|Any CPU
		{07AA4844-FF99-47A4-A461-EBCCC3DC86DF}.Debug|Any CPU.Build.0 = Debug|Any CPU
		{07AA4844-FF99-47A4-A461-EBCCC3DC86DF}.Release|Any CPU.ActiveCfg = Release|Any CPU
		{07AA4844-FF99-47A4-A461-EBCCC3DC86DF}.Release|Any CPU.Build.0 = Release|Any CPU
	EndGlobalSection
EndGlobal
